// !$*UTF8*$!
{
	archiveVersion = 1;
	classes = {
	};
	objectVersion = 56;
	objects = {

/* Begin PBXBuildFile section */
		4474B591296C8B6A00FAAF38 /* AppDelegate.swift in Sources */ = {isa = PBXBuildFile; fileRef = 4474B590296C8B6A00FAAF38 /* AppDelegate.swift */; };
		4474B593296C8B6A00FAAF38 /* SceneDelegate.swift in Sources */ = {isa = PBXBuildFile; fileRef = 4474B592296C8B6A00FAAF38 /* SceneDelegate.swift */; };
		4474B595296C8B6A00FAAF38 /* MainViewController.swift in Sources */ = {isa = PBXBuildFile; fileRef = 4474B594296C8B6A00FAAF38 /* MainViewController.swift */; };
		4474B59A296C8B6A00FAAF38 /* Assets.xcassets in Resources */ = {isa = PBXBuildFile; fileRef = 4474B599296C8B6A00FAAF38 /* Assets.xcassets */; };
		4474B59D296C8B6A00FAAF38 /* LaunchScreen.storyboard in Resources */ = {isa = PBXBuildFile; fileRef = 4474B59B296C8B6A00FAAF38 /* LaunchScreen.storyboard */; };
		4474B5AA296C8FB000FAAF38 /* TapBarViewController.swift in Sources */ = {isa = PBXBuildFile; fileRef = 4474B5A9296C8FB000FAAF38 /* TapBarViewController.swift */; };
		4474B5AC296C903000FAAF38 /* SearchViewController.swift in Sources */ = {isa = PBXBuildFile; fileRef = 4474B5AB296C903000FAAF38 /* SearchViewController.swift */; };
		4474B5AE296C903E00FAAF38 /* LibraryViewController.swift in Sources */ = {isa = PBXBuildFile; fileRef = 4474B5AD296C903E00FAAF38 /* LibraryViewController.swift */; };
		4474B5B0296C906800FAAF38 /* AuthenticationViewController.swift in Sources */ = {isa = PBXBuildFile; fileRef = 4474B5AF296C906800FAAF38 /* AuthenticationViewController.swift */; };
		4474B5B2296C908F00FAAF38 /* ProfileViewController.swift in Sources */ = {isa = PBXBuildFile; fileRef = 4474B5B1296C908F00FAAF38 /* ProfileViewController.swift */; };
		4474B5B4296C90B700FAAF38 /* PlayerViewController.swift in Sources */ = {isa = PBXBuildFile; fileRef = 4474B5B3296C90B700FAAF38 /* PlayerViewController.swift */; };
		4474B5B6296C975700FAAF38 /* WelcomeViewController.swift in Sources */ = {isa = PBXBuildFile; fileRef = 4474B5B5296C975700FAAF38 /* WelcomeViewController.swift */; };
		860C7CAA2982EBF5006BE2B7 /* Player.swift in Sources */ = {isa = PBXBuildFile; fileRef = 860C7CA92982EBF5006BE2B7 /* Player.swift */; };
		864E24792977033D005FE918 /* MediaModel.swift in Sources */ = {isa = PBXBuildFile; fileRef = 864E24782977033D005FE918 /* MediaModel.swift */; };
		86B1E07D29787A660071D814 /* NewAlbumCollectionViewCell.swift in Sources */ = {isa = PBXBuildFile; fileRef = 86B1E07C29787A660071D814 /* NewAlbumCollectionViewCell.swift */; };
		86D90354297348610060A310 /* NetworkManager.swift in Sources */ = {isa = PBXBuildFile; fileRef = 86D90353297348610060A310 /* NetworkManager.swift */; };
		86D90358297350030060A310 /* AuthViewModel.swift in Sources */ = {isa = PBXBuildFile; fileRef = 86D90357297350030060A310 /* AuthViewModel.swift */; };
		86F871232977461C00F81F7B /* MainViewModel.swift in Sources */ = {isa = PBXBuildFile; fileRef = 86F871222977461C00F81F7B /* MainViewModel.swift */; };
		86FC32C329742FC40089B120 /* AuthModel.swift in Sources */ = {isa = PBXBuildFile; fileRef = 86FC32C229742FC40089B120 /* AuthModel.swift */; };
		D4BEF7A0A58AF1617D527E8D /* Pods_Moon_Music_App.framework in Frameworks */ = {isa = PBXBuildFile; fileRef = 12387FDF832D3C105516995D /* Pods_Moon_Music_App.framework */; };
/* End PBXBuildFile section */

/* Begin PBXFileReference section */
		12387FDF832D3C105516995D /* Pods_Moon_Music_App.framework */ = {isa = PBXFileReference; explicitFileType = wrapper.framework; includeInIndex = 0; path = Pods_Moon_Music_App.framework; sourceTree = BUILT_PRODUCTS_DIR; };
		4474B58D296C8B6A00FAAF38 /* Moon Music App.app */ = {isa = PBXFileReference; explicitFileType = wrapper.application; includeInIndex = 0; path = "Moon Music App.app"; sourceTree = BUILT_PRODUCTS_DIR; };
		4474B590296C8B6A00FAAF38 /* AppDelegate.swift */ = {isa = PBXFileReference; lastKnownFileType = sourcecode.swift; path = AppDelegate.swift; sourceTree = "<group>"; };
		4474B592296C8B6A00FAAF38 /* SceneDelegate.swift */ = {isa = PBXFileReference; lastKnownFileType = sourcecode.swift; path = SceneDelegate.swift; sourceTree = "<group>"; };
		4474B594296C8B6A00FAAF38 /* MainViewController.swift */ = {isa = PBXFileReference; lastKnownFileType = sourcecode.swift; path = MainViewController.swift; sourceTree = "<group>"; };
		4474B599296C8B6A00FAAF38 /* Assets.xcassets */ = {isa = PBXFileReference; lastKnownFileType = folder.assetcatalog; path = Assets.xcassets; sourceTree = "<group>"; };
		4474B59C296C8B6A00FAAF38 /* Base */ = {isa = PBXFileReference; lastKnownFileType = file.storyboard; name = Base; path = Base.lproj/LaunchScreen.storyboard; sourceTree = "<group>"; };
		4474B59E296C8B6A00FAAF38 /* Info.plist */ = {isa = PBXFileReference; lastKnownFileType = text.plist.xml; path = Info.plist; sourceTree = "<group>"; };
		4474B5A9296C8FB000FAAF38 /* TapBarViewController.swift */ = {isa = PBXFileReference; lastKnownFileType = sourcecode.swift; path = TapBarViewController.swift; sourceTree = "<group>"; };
		4474B5AB296C903000FAAF38 /* SearchViewController.swift */ = {isa = PBXFileReference; lastKnownFileType = sourcecode.swift; path = SearchViewController.swift; sourceTree = "<group>"; };
		4474B5AD296C903E00FAAF38 /* LibraryViewController.swift */ = {isa = PBXFileReference; lastKnownFileType = sourcecode.swift; path = LibraryViewController.swift; sourceTree = "<group>"; };
		4474B5AF296C906800FAAF38 /* AuthenticationViewController.swift */ = {isa = PBXFileReference; lastKnownFileType = sourcecode.swift; path = AuthenticationViewController.swift; sourceTree = "<group>"; };
		4474B5B1296C908F00FAAF38 /* ProfileViewController.swift */ = {isa = PBXFileReference; lastKnownFileType = sourcecode.swift; path = ProfileViewController.swift; sourceTree = "<group>"; };
		4474B5B3296C90B700FAAF38 /* PlayerViewController.swift */ = {isa = PBXFileReference; lastKnownFileType = sourcecode.swift; path = PlayerViewController.swift; sourceTree = "<group>"; };
		4474B5B5296C975700FAAF38 /* WelcomeViewController.swift */ = {isa = PBXFileReference; lastKnownFileType = sourcecode.swift; path = WelcomeViewController.swift; sourceTree = "<group>"; };
		65BB84B9C78A2DC990E40C43 /* Pods-Moon Music App.release.xcconfig */ = {isa = PBXFileReference; includeInIndex = 1; lastKnownFileType = text.xcconfig; name = "Pods-Moon Music App.release.xcconfig"; path = "Target Support Files/Pods-Moon Music App/Pods-Moon Music App.release.xcconfig"; sourceTree = "<group>"; };
		65D1166317F33089C48AEB1D /* Pods-Moon Music App.debug.xcconfig */ = {isa = PBXFileReference; includeInIndex = 1; lastKnownFileType = text.xcconfig; name = "Pods-Moon Music App.debug.xcconfig"; path = "Target Support Files/Pods-Moon Music App/Pods-Moon Music App.debug.xcconfig"; sourceTree = "<group>"; };
		860C7CA92982EBF5006BE2B7 /* Player.swift */ = {isa = PBXFileReference; lastKnownFileType = sourcecode.swift; path = Player.swift; sourceTree = "<group>"; };
		864E24782977033D005FE918 /* MediaModel.swift */ = {isa = PBXFileReference; lastKnownFileType = sourcecode.swift; name = MediaModel.swift; path = "Moon Music App/Managers/MediaModel.swift"; sourceTree = SOURCE_ROOT; };
		86B1E07C29787A660071D814 /* NewAlbumCollectionViewCell.swift */ = {isa = PBXFileReference; lastKnownFileType = sourcecode.swift; path = NewAlbumCollectionViewCell.swift; sourceTree = "<group>"; };
		86D90353297348610060A310 /* NetworkManager.swift */ = {isa = PBXFileReference; lastKnownFileType = sourcecode.swift; path = NetworkManager.swift; sourceTree = "<group>"; };
		86D90357297350030060A310 /* AuthViewModel.swift */ = {isa = PBXFileReference; lastKnownFileType = sourcecode.swift; name = AuthViewModel.swift; path = "Moon Music App/Managers/AuthViewModel.swift"; sourceTree = SOURCE_ROOT; };
		86F871222977461C00F81F7B /* MainViewModel.swift */ = {isa = PBXFileReference; lastKnownFileType = sourcecode.swift; name = MainViewModel.swift; path = "Moon Music App/Managers/MainViewModel.swift"; sourceTree = SOURCE_ROOT; };
		86FC32C229742FC40089B120 /* AuthModel.swift */ = {isa = PBXFileReference; lastKnownFileType = sourcecode.swift; name = AuthModel.swift; path = "Moon Music App/Managers/AuthModel.swift"; sourceTree = SOURCE_ROOT; };
/* End PBXFileReference section */

/* Begin PBXFrameworksBuildPhase section */
		4474B58A296C8B6900FAAF38 /* Frameworks */ = {
			isa = PBXFrameworksBuildPhase;
			buildActionMask = 2147483647;
			files = (
				D4BEF7A0A58AF1617D527E8D /* Pods_Moon_Music_App.framework in Frameworks */,
			);
			runOnlyForDeploymentPostprocessing = 0;
		};
/* End PBXFrameworksBuildPhase section */

/* Begin PBXGroup section */
		2AE8C845F372EC9E7DC7EACC /* Frameworks */ = {
			isa = PBXGroup;
			children = (
				12387FDF832D3C105516995D /* Pods_Moon_Music_App.framework */,
			);
			name = Frameworks;
			sourceTree = "<group>";
		};
		4474B584296C8B6900FAAF38 = {
			isa = PBXGroup;
			children = (
				4474B58F296C8B6A00FAAF38 /* Moon Music App */,
				4474B58E296C8B6A00FAAF38 /* Products */,
				FD5D6B44D13FAA0F1780D038 /* Pods */,
				2AE8C845F372EC9E7DC7EACC /* Frameworks */,
			);
			sourceTree = "<group>";
		};
		4474B58E296C8B6A00FAAF38 /* Products */ = {
			isa = PBXGroup;
			children = (
				4474B58D296C8B6A00FAAF38 /* Moon Music App.app */,
			);
			name = Products;
			sourceTree = "<group>";
		};
		4474B58F296C8B6A00FAAF38 /* Moon Music App */ = {
			isa = PBXGroup;
			children = (
				44F7A7FC296DF7FF0020E1B5 /* Managers */,
				4474B5A7296C8BBD00FAAF38 /* Views */,
				4474B5A6296C8BB300FAAF38 /* Models */,
				4474B5A5296C8B9F00FAAF38 /* ViewControllers */,
				4474B5A4296C8B9300FAAF38 /* ViewModels */,
				4474B5A8296C8BDD00FAAF38 /* Resources */,
				4474B599296C8B6A00FAAF38 /* Assets.xcassets */,
				4474B59B296C8B6A00FAAF38 /* LaunchScreen.storyboard */,
				4474B59E296C8B6A00FAAF38 /* Info.plist */,
			);
			path = "Moon Music App";
			sourceTree = "<group>";
		};
		4474B5A4296C8B9300FAAF38 /* ViewModels */ = {
			isa = PBXGroup;
			children = (
				86D90357297350030060A310 /* AuthViewModel.swift */,
				86F871222977461C00F81F7B /* MainViewModel.swift */,
			);
			path = ViewModels;
			sourceTree = "<group>";
		};
		4474B5A5296C8B9F00FAAF38 /* ViewControllers */ = {
			isa = PBXGroup;
			children = (
				4474B594296C8B6A00FAAF38 /* MainViewController.swift */,
				4474B5A9296C8FB000FAAF38 /* TapBarViewController.swift */,
				4474B5AB296C903000FAAF38 /* SearchViewController.swift */,
				4474B5AD296C903E00FAAF38 /* LibraryViewController.swift */,
				4474B5AF296C906800FAAF38 /* AuthenticationViewController.swift */,
				4474B5B1296C908F00FAAF38 /* ProfileViewController.swift */,
				4474B5B3296C90B700FAAF38 /* PlayerViewController.swift */,
				4474B5B5296C975700FAAF38 /* WelcomeViewController.swift */,
			);
			path = ViewControllers;
			sourceTree = "<group>";
		};
		4474B5A6296C8BB300FAAF38 /* Models */ = {
			isa = PBXGroup;
			children = (
				86FC32C229742FC40089B120 /* AuthModel.swift */,
				864E24782977033D005FE918 /* MediaModel.swift */,
			);
			path = Models;
			sourceTree = "<group>";
		};
		4474B5A7296C8BBD00FAAF38 /* Views */ = {
			isa = PBXGroup;
			children = (
				86B1E07B297879FE0071D814 /* Cells */,
				860C7CA92982EBF5006BE2B7 /* Player.swift */,
			);
			path = Views;
			sourceTree = "<group>";
		};
		4474B5A8296C8BDD00FAAF38 /* Resources */ = {
			isa = PBXGroup;
			children = (
				4474B590296C8B6A00FAAF38 /* AppDelegate.swift */,
				4474B592296C8B6A00FAAF38 /* SceneDelegate.swift */,
			);
			path = Resources;
			sourceTree = "<group>";
		};
		44F7A7FC296DF7FF0020E1B5 /* Managers */ = {
			isa = PBXGroup;
			children = (
				86D90353297348610060A310 /* NetworkManager.swift */,
			);
			path = Managers;
			sourceTree = "<group>";
		};
		86B1E07B297879FE0071D814 /* Cells */ = {
			isa = PBXGroup;
			children = (
				86B1E07C29787A660071D814 /* NewAlbumCollectionViewCell.swift */,
			);
			path = Cells;
			sourceTree = "<group>";
		};
		FD5D6B44D13FAA0F1780D038 /* Pods */ = {
			isa = PBXGroup;
			children = (
				65D1166317F33089C48AEB1D /* Pods-Moon Music App.debug.xcconfig */,
				65BB84B9C78A2DC990E40C43 /* Pods-Moon Music App.release.xcconfig */,
			);
			path = Pods;
			sourceTree = "<group>";
		};
/* End PBXGroup section */

/* Begin PBXNativeTarget section */
		4474B58C296C8B6900FAAF38 /* Moon Music App */ = {
			isa = PBXNativeTarget;
			buildConfigurationList = 4474B5A1296C8B6A00FAAF38 /* Build configuration list for PBXNativeTarget "Moon Music App" */;
			buildPhases = (
				AB0059E6267FEAAD57AA0056 /* [CP] Check Pods Manifest.lock */,
				4474B589296C8B6900FAAF38 /* Sources */,
				4474B58A296C8B6900FAAF38 /* Frameworks */,
				4474B58B296C8B6900FAAF38 /* Resources */,
				D570FEB83B582CD1CD0895C8 /* [CP] Embed Pods Frameworks */,
			);
			buildRules = (
			);
			dependencies = (
			);
			name = "Moon Music App";
			productName = "Moon Music App";
			productReference = 4474B58D296C8B6A00FAAF38 /* Moon Music App.app */;
			productType = "com.apple.product-type.application";
		};
/* End PBXNativeTarget section */

/* Begin PBXProject section */
		4474B585296C8B6900FAAF38 /* Project object */ = {
			isa = PBXProject;
			attributes = {
				BuildIndependentTargetsInParallel = 1;
				LastSwiftUpdateCheck = 1420;
				LastUpgradeCheck = 1420;
				TargetAttributes = {
					4474B58C296C8B6900FAAF38 = {
						CreatedOnToolsVersion = 14.2;
					};
				};
			};
			buildConfigurationList = 4474B588296C8B6900FAAF38 /* Build configuration list for PBXProject "Moon Music App" */;
			compatibilityVersion = "Xcode 14.0";
			developmentRegion = en;
			hasScannedForEncodings = 0;
			knownRegions = (
				en,
				Base,
			);
			mainGroup = 4474B584296C8B6900FAAF38;
			productRefGroup = 4474B58E296C8B6A00FAAF38 /* Products */;
			projectDirPath = "";
			projectRoot = "";
			targets = (
				4474B58C296C8B6900FAAF38 /* Moon Music App */,
			);
		};
/* End PBXProject section */

/* Begin PBXResourcesBuildPhase section */
		4474B58B296C8B6900FAAF38 /* Resources */ = {
			isa = PBXResourcesBuildPhase;
			buildActionMask = 2147483647;
			files = (
				4474B59D296C8B6A00FAAF38 /* LaunchScreen.storyboard in Resources */,
				4474B59A296C8B6A00FAAF38 /* Assets.xcassets in Resources */,
			);
			runOnlyForDeploymentPostprocessing = 0;
		};
/* End PBXResourcesBuildPhase section */

/* Begin PBXShellScriptBuildPhase section */
		AB0059E6267FEAAD57AA0056 /* [CP] Check Pods Manifest.lock */ = {
			isa = PBXShellScriptBuildPhase;
			buildActionMask = 2147483647;
			files = (
			);
			inputFileListPaths = (
			);
			inputPaths = (
				"${PODS_PODFILE_DIR_PATH}/Podfile.lock",
				"${PODS_ROOT}/Manifest.lock",
			);
			name = "[CP] Check Pods Manifest.lock";
			outputFileListPaths = (
			);
			outputPaths = (
				"$(DERIVED_FILE_DIR)/Pods-Moon Music App-checkManifestLockResult.txt",
			);
			runOnlyForDeploymentPostprocessing = 0;
			shellPath = /bin/sh;
			shellScript = "diff \"${PODS_PODFILE_DIR_PATH}/Podfile.lock\" \"${PODS_ROOT}/Manifest.lock\" > /dev/null\nif [ $? != 0 ] ; then\n    # print error to STDERR\n    echo \"error: The sandbox is not in sync with the Podfile.lock. Run 'pod install' or update your CocoaPods installation.\" >&2\n    exit 1\nfi\n# This output is used by Xcode 'outputs' to avoid re-running this script phase.\necho \"SUCCESS\" > \"${SCRIPT_OUTPUT_FILE_0}\"\n";
			showEnvVarsInLog = 0;
		};
		D570FEB83B582CD1CD0895C8 /* [CP] Embed Pods Frameworks */ = {
			isa = PBXShellScriptBuildPhase;
			buildActionMask = 2147483647;
			files = (
			);
			inputFileListPaths = (
				"${PODS_ROOT}/Target Support Files/Pods-Moon Music App/Pods-Moon Music App-frameworks-${CONFIGURATION}-input-files.xcfilelist",
			);
			name = "[CP] Embed Pods Frameworks";
			outputFileListPaths = (
				"${PODS_ROOT}/Target Support Files/Pods-Moon Music App/Pods-Moon Music App-frameworks-${CONFIGURATION}-output-files.xcfilelist",
			);
			runOnlyForDeploymentPostprocessing = 0;
			shellPath = /bin/sh;
			shellScript = "\"${PODS_ROOT}/Target Support Files/Pods-Moon Music App/Pods-Moon Music App-frameworks.sh\"\n";
			showEnvVarsInLog = 0;
		};
/* End PBXShellScriptBuildPhase section */

/* Begin PBXSourcesBuildPhase section */
		4474B589296C8B6900FAAF38 /* Sources */ = {
			isa = PBXSourcesBuildPhase;
			buildActionMask = 2147483647;
			files = (
				864E24792977033D005FE918 /* MediaModel.swift in Sources */,
				86D90354297348610060A310 /* NetworkManager.swift in Sources */,
				4474B5AC296C903000FAAF38 /* SearchViewController.swift in Sources */,
				4474B5B6296C975700FAAF38 /* WelcomeViewController.swift in Sources */,
				86FC32C329742FC40089B120 /* AuthModel.swift in Sources */,
				86F871232977461C00F81F7B /* MainViewModel.swift in Sources */,
				4474B595296C8B6A00FAAF38 /* MainViewController.swift in Sources */,
				4474B591296C8B6A00FAAF38 /* AppDelegate.swift in Sources */,
				4474B5B0296C906800FAAF38 /* AuthenticationViewController.swift in Sources */,
				4474B5AA296C8FB000FAAF38 /* TapBarViewController.swift in Sources */,
				86B1E07D29787A660071D814 /* NewAlbumCollectionViewCell.swift in Sources */,
				4474B5B4296C90B700FAAF38 /* PlayerViewController.swift in Sources */,
				4474B5AE296C903E00FAAF38 /* LibraryViewController.swift in Sources */,
				4474B5B2296C908F00FAAF38 /* ProfileViewController.swift in Sources */,
				86D90358297350030060A310 /* AuthViewModel.swift in Sources */,
				860C7CAA2982EBF5006BE2B7 /* Player.swift in Sources */,
				4474B593296C8B6A00FAAF38 /* SceneDelegate.swift in Sources */,
			);
			runOnlyForDeploymentPostprocessing = 0;
		};
/* End PBXSourcesBuildPhase section */

/* Begin PBXVariantGroup section */
		4474B59B296C8B6A00FAAF38 /* LaunchScreen.storyboard */ = {
			isa = PBXVariantGroup;
			children = (
				4474B59C296C8B6A00FAAF38 /* Base */,
			);
			name = LaunchScreen.storyboard;
			sourceTree = "<group>";
		};
/* End PBXVariantGroup section */

/* Begin XCBuildConfiguration section */
		4474B59F296C8B6A00FAAF38 /* Debug */ = {
			isa = XCBuildConfiguration;
			buildSettings = {
				ALWAYS_SEARCH_USER_PATHS = NO;
				CLANG_ANALYZER_NONNULL = YES;
				CLANG_ANALYZER_NUMBER_OBJECT_CONVERSION = YES_AGGRESSIVE;
				CLANG_CXX_LANGUAGE_STANDARD = "gnu++20";
				CLANG_ENABLE_MODULES = YES;
				CLANG_ENABLE_OBJC_ARC = YES;
				CLANG_ENABLE_OBJC_WEAK = YES;
				CLANG_WARN_BLOCK_CAPTURE_AUTORELEASING = YES;
				CLANG_WARN_BOOL_CONVERSION = YES;
				CLANG_WARN_COMMA = YES;
				CLANG_WARN_CONSTANT_CONVERSION = YES;
				CLANG_WARN_DEPRECATED_OBJC_IMPLEMENTATIONS = YES;
				CLANG_WARN_DIRECT_OBJC_ISA_USAGE = YES_ERROR;
				CLANG_WARN_DOCUMENTATION_COMMENTS = YES;
				CLANG_WARN_EMPTY_BODY = YES;
				CLANG_WARN_ENUM_CONVERSION = YES;
				CLANG_WARN_INFINITE_RECURSION = YES;
				CLANG_WARN_INT_CONVERSION = YES;
				CLANG_WARN_NON_LITERAL_NULL_CONVERSION = YES;
				CLANG_WARN_OBJC_IMPLICIT_RETAIN_SELF = YES;
				CLANG_WARN_OBJC_LITERAL_CONVERSION = YES;
				CLANG_WARN_OBJC_ROOT_CLASS = YES_ERROR;
				CLANG_WARN_QUOTED_INCLUDE_IN_FRAMEWORK_HEADER = YES;
				CLANG_WARN_RANGE_LOOP_ANALYSIS = YES;
				CLANG_WARN_STRICT_PROTOTYPES = YES;
				CLANG_WARN_SUSPICIOUS_MOVE = YES;
				CLANG_WARN_UNGUARDED_AVAILABILITY = YES_AGGRESSIVE;
				CLANG_WARN_UNREACHABLE_CODE = YES;
				CLANG_WARN__DUPLICATE_METHOD_MATCH = YES;
				COPY_PHASE_STRIP = NO;
				DEBUG_INFORMATION_FORMAT = dwarf;
				ENABLE_STRICT_OBJC_MSGSEND = YES;
				ENABLE_TESTABILITY = YES;
				GCC_C_LANGUAGE_STANDARD = gnu11;
				GCC_DYNAMIC_NO_PIC = NO;
				GCC_NO_COMMON_BLOCKS = YES;
				GCC_OPTIMIZATION_LEVEL = 0;
				GCC_PREPROCESSOR_DEFINITIONS = (
					"DEBUG=1",
					"$(inherited)",
				);
				GCC_WARN_64_TO_32_BIT_CONVERSION = YES;
				GCC_WARN_ABOUT_RETURN_TYPE = YES_ERROR;
				GCC_WARN_UNDECLARED_SELECTOR = YES;
				GCC_WARN_UNINITIALIZED_AUTOS = YES_AGGRESSIVE;
				GCC_WARN_UNUSED_FUNCTION = YES;
				GCC_WARN_UNUSED_VARIABLE = YES;
				IPHONEOS_DEPLOYMENT_TARGET = 16.2;
				MTL_ENABLE_DEBUG_INFO = INCLUDE_SOURCE;
				MTL_FAST_MATH = YES;
				ONLY_ACTIVE_ARCH = YES;
				SDKROOT = iphoneos;
				SWIFT_ACTIVE_COMPILATION_CONDITIONS = DEBUG;
				SWIFT_OPTIMIZATION_LEVEL = "-Onone";
			};
			name = Debug;
		};
		4474B5A0296C8B6A00FAAF38 /* Release */ = {
			isa = XCBuildConfiguration;
			buildSettings = {
				ALWAYS_SEARCH_USER_PATHS = NO;
				CLANG_ANALYZER_NONNULL = YES;
				CLANG_ANALYZER_NUMBER_OBJECT_CONVERSION = YES_AGGRESSIVE;
				CLANG_CXX_LANGUAGE_STANDARD = "gnu++20";
				CLANG_ENABLE_MODULES = YES;
				CLANG_ENABLE_OBJC_ARC = YES;
				CLANG_ENABLE_OBJC_WEAK = YES;
				CLANG_WARN_BLOCK_CAPTURE_AUTORELEASING = YES;
				CLANG_WARN_BOOL_CONVERSION = YES;
				CLANG_WARN_COMMA = YES;
				CLANG_WARN_CONSTANT_CONVERSION = YES;
				CLANG_WARN_DEPRECATED_OBJC_IMPLEMENTATIONS = YES;
				CLANG_WARN_DIRECT_OBJC_ISA_USAGE = YES_ERROR;
				CLANG_WARN_DOCUMENTATION_COMMENTS = YES;
				CLANG_WARN_EMPTY_BODY = YES;
				CLANG_WARN_ENUM_CONVERSION = YES;
				CLANG_WARN_INFINITE_RECURSION = YES;
				CLANG_WARN_INT_CONVERSION = YES;
				CLANG_WARN_NON_LITERAL_NULL_CONVERSION = YES;
				CLANG_WARN_OBJC_IMPLICIT_RETAIN_SELF = YES;
				CLANG_WARN_OBJC_LITERAL_CONVERSION = YES;
				CLANG_WARN_OBJC_ROOT_CLASS = YES_ERROR;
				CLANG_WARN_QUOTED_INCLUDE_IN_FRAMEWORK_HEADER = YES;
				CLANG_WARN_RANGE_LOOP_ANALYSIS = YES;
				CLANG_WARN_STRICT_PROTOTYPES = YES;
				CLANG_WARN_SUSPICIOUS_MOVE = YES;
				CLANG_WARN_UNGUARDED_AVAILABILITY = YES_AGGRESSIVE;
				CLANG_WARN_UNREACHABLE_CODE = YES;
				CLANG_WARN__DUPLICATE_METHOD_MATCH = YES;
				COPY_PHASE_STRIP = NO;
				DEBUG_INFORMATION_FORMAT = "dwarf-with-dsym";
				ENABLE_NS_ASSERTIONS = NO;
				ENABLE_STRICT_OBJC_MSGSEND = YES;
				GCC_C_LANGUAGE_STANDARD = gnu11;
				GCC_NO_COMMON_BLOCKS = YES;
				GCC_WARN_64_TO_32_BIT_CONVERSION = YES;
				GCC_WARN_ABOUT_RETURN_TYPE = YES_ERROR;
				GCC_WARN_UNDECLARED_SELECTOR = YES;
				GCC_WARN_UNINITIALIZED_AUTOS = YES_AGGRESSIVE;
				GCC_WARN_UNUSED_FUNCTION = YES;
				GCC_WARN_UNUSED_VARIABLE = YES;
				IPHONEOS_DEPLOYMENT_TARGET = 16.2;
				MTL_ENABLE_DEBUG_INFO = NO;
				MTL_FAST_MATH = YES;
				SDKROOT = iphoneos;
				SWIFT_COMPILATION_MODE = wholemodule;
				SWIFT_OPTIMIZATION_LEVEL = "-O";
				VALIDATE_PRODUCT = YES;
			};
			name = Release;
		};
		4474B5A2296C8B6A00FAAF38 /* Debug */ = {
			isa = XCBuildConfiguration;
			baseConfigurationReference = 65D1166317F33089C48AEB1D /* Pods-Moon Music App.debug.xcconfig */;
			buildSettings = {
				ASSETCATALOG_COMPILER_APPICON_NAME = AppIcon;
				ASSETCATALOG_COMPILER_GLOBAL_ACCENT_COLOR_NAME = AccentColor;
				CODE_SIGN_STYLE = Automatic;
				CURRENT_PROJECT_VERSION = 1;
				DEVELOPMENT_TEAM = FM4L546M2P;
				GENERATE_INFOPLIST_FILE = YES;
				INFOPLIST_FILE = "Moon Music App/Info.plist";
				INFOPLIST_KEY_UIApplicationSupportsIndirectInputEvents = YES;
				INFOPLIST_KEY_UILaunchStoryboardName = LaunchScreen;
				INFOPLIST_KEY_UISupportedInterfaceOrientations_iPad = "UIInterfaceOrientationPortrait UIInterfaceOrientationPortraitUpsideDown UIInterfaceOrientationLandscapeLeft UIInterfaceOrientationLandscapeRight";
				INFOPLIST_KEY_UISupportedInterfaceOrientations_iPhone = "UIInterfaceOrientationPortrait UIInterfaceOrientationLandscapeLeft UIInterfaceOrientationLandscapeRight";
				LD_RUNPATH_SEARCH_PATHS = (
					"$(inherited)",
					"@executable_path/Frameworks",
				);
				MARKETING_VERSION = 1.0;
				PRODUCT_BUNDLE_IDENTIFIER = "evseev.Moon-Music-App";
				PRODUCT_NAME = "$(TARGET_NAME)";
				SWIFT_EMIT_LOC_STRINGS = YES;
				SWIFT_VERSION = 5.0;
				TARGETED_DEVICE_FAMILY = "1,2";
			};
			name = Debug;
		};
		4474B5A3296C8B6A00FAAF38 /* Release */ = {
			isa = XCBuildConfiguration;
			baseConfigurationReference = 65BB84B9C78A2DC990E40C43 /* Pods-Moon Music App.release.xcconfig */;
			buildSettings = {
				ASSETCATALOG_COMPILER_APPICON_NAME = AppIcon;
				ASSETCATALOG_COMPILER_GLOBAL_ACCENT_COLOR_NAME = AccentColor;
				CODE_SIGN_STYLE = Automatic;
				CURRENT_PROJECT_VERSION = 1;
				DEVELOPMENT_TEAM = FM4L546M2P;
				GENERATE_INFOPLIST_FILE = YES;
				INFOPLIST_FILE = "Moon Music App/Info.plist";
				INFOPLIST_KEY_UIApplicationSupportsIndirectInputEvents = YES;
				INFOPLIST_KEY_UILaunchStoryboardName = LaunchScreen;
				INFOPLIST_KEY_UISupportedInterfaceOrientations_iPad = "UIInterfaceOrientationPortrait UIInterfaceOrientationPortraitUpsideDown UIInterfaceOrientationLandscapeLeft UIInterfaceOrientationLandscapeRight";
				INFOPLIST_KEY_UISupportedInterfaceOrientations_iPhone = "UIInterfaceOrientationPortrait UIInterfaceOrientationLandscapeLeft UIInterfaceOrientationLandscapeRight";
				LD_RUNPATH_SEARCH_PATHS = (
					"$(inherited)",
					"@executable_path/Frameworks",
				);
				MARKETING_VERSION = 1.0;
				PRODUCT_BUNDLE_IDENTIFIER = "evseev.Moon-Music-App";
				PRODUCT_NAME = "$(TARGET_NAME)";
				SWIFT_EMIT_LOC_STRINGS = YES;
				SWIFT_VERSION = 5.0;
				TARGETED_DEVICE_FAMILY = "1,2";
			};
			name = Release;
		};
/* End XCBuildConfiguration section */

/* Begin XCConfigurationList section */
		4474B588296C8B6900FAAF38 /* Build configuration list for PBXProject "Moon Music App" */ = {
			isa = XCConfigurationList;
			buildConfigurations = (
				4474B59F296C8B6A00FAAF38 /* Debug */,
				4474B5A0296C8B6A00FAAF38 /* Release */,
			);
			defaultConfigurationIsVisible = 0;
			defaultConfigurationName = Release;
		};
		4474B5A1296C8B6A00FAAF38 /* Build configuration list for PBXNativeTarget "Moon Music App" */ = {
			isa = XCConfigurationList;
			buildConfigurations = (
				4474B5A2296C8B6A00FAAF38 /* Debug */,
				4474B5A3296C8B6A00FAAF38 /* Release */,
			);
			defaultConfigurationIsVisible = 0;
			defaultConfigurationName = Release;
		};
/* End XCConfigurationList section */
	};
	rootObject = 4474B585296C8B6900FAAF38 /* Project object */;
}
